// !$*UTF8*$!
{
	archiveVersion = 1;
	classes = {
	};
	objectVersion = 54;
	objects = {

/* Begin PBXBuildFile section */
		290C01152617794900A82A6C /* PrimaryControls.swift in Sources */ = {isa = PBXBuildFile; fileRef = 290C01142617794900A82A6C /* PrimaryControls.swift */; };
		290C0121261799D900A82A6C /* SecondaryControls.swift in Sources */ = {isa = PBXBuildFile; fileRef = 290C0120261799D900A82A6C /* SecondaryControls.swift */; };
		290C01282617AB0200A82A6C /* CompletionView.swift in Sources */ = {isa = PBXBuildFile; fileRef = 290C01272617AB0200A82A6C /* CompletionView.swift */; };
		290C01392618899E00A82A6C /* ExtendedRuntimeManager.swift in Sources */ = {isa = PBXBuildFile; fileRef = 290C01382618899E00A82A6C /* ExtendedRuntimeManager.swift */; };
		29200295267FC78500DCA308 /* Extensions.swift in Sources */ = {isa = PBXBuildFile; fileRef = 29200294267FC78500DCA308 /* Extensions.swift */; };
		292002D92682572C00DCA308 /* MarqueeText.swift in Sources */ = {isa = PBXBuildFile; fileRef = 292002D82682572C00DCA308 /* MarqueeText.swift */; };
		2926E0F826150FE400E95DBB /* BilliardsTrackerApp.swift in Sources */ = {isa = PBXBuildFile; fileRef = 2926E0F726150FE400E95DBB /* BilliardsTrackerApp.swift */; };
		2926E0FA26150FE400E95DBB /* DrillListView.swift in Sources */ = {isa = PBXBuildFile; fileRef = 2926E0F926150FE400E95DBB /* DrillListView.swift */; };
		2926E0FC26150FE500E95DBB /* Assets.xcassets in Resources */ = {isa = PBXBuildFile; fileRef = 2926E0FB26150FE500E95DBB /* Assets.xcassets */; };
		2926E0FF26150FE500E95DBB /* Preview Assets.xcassets in Resources */ = {isa = PBXBuildFile; fileRef = 2926E0FE26150FE500E95DBB /* Preview Assets.xcassets */; };
		2926E11526150FE500E95DBB /* BilliardsTrackerUITests.swift in Sources */ = {isa = PBXBuildFile; fileRef = 2926E11426150FE500E95DBB /* BilliardsTrackerUITests.swift */; };
		2926E11A26150FE500E95DBB /* BilliardsTracker Watch App.app in Embed Watch Content */ = {isa = PBXBuildFile; fileRef = 2926E11926150FE500E95DBB /* BilliardsTracker Watch App.app */; settings = {ATTRIBUTES = (RemoveHeadersOnCopy, ); }; };
		2926E11F26150FE600E95DBB /* Assets.xcassets in Resources */ = {isa = PBXBuildFile; fileRef = 2926E11E26150FE600E95DBB /* Assets.xcassets */; };
		2926E12D26150FE600E95DBB /* BilliardsTrackerApp.swift in Sources */ = {isa = PBXBuildFile; fileRef = 2926E12C26150FE600E95DBB /* BilliardsTrackerApp.swift */; };
		292E6F62266BFD1B0078C033 /* CardView.swift in Sources */ = {isa = PBXBuildFile; fileRef = 292E6F61266BFD1B0078C033 /* CardView.swift */; };
		292E6F69266C0A0E0078C033 /* ResultsView.swift in Sources */ = {isa = PBXBuildFile; fileRef = 292E6F68266C0A0E0078C033 /* ResultsView.swift */; };
		293433C8267676C100FA4768 /* SettingsView.swift in Sources */ = {isa = PBXBuildFile; fileRef = 293433C7267676C000FA4768 /* SettingsView.swift */; };
		293433CF267764FD00FA4768 /* MainView.swift in Sources */ = {isa = PBXBuildFile; fileRef = 293433CE267764FD00FA4768 /* MainView.swift */; };
		294AD35D261F74340086E808 /* Drill+CoreDataClass.swift in Sources */ = {isa = PBXBuildFile; fileRef = 294AD359261F74340086E808 /* Drill+CoreDataClass.swift */; };
		294AD35E261F74340086E808 /* Drill+CoreDataProperties.swift in Sources */ = {isa = PBXBuildFile; fileRef = 294AD35A261F74340086E808 /* Drill+CoreDataProperties.swift */; };
		294AD35F261F74340086E808 /* DrillResult+CoreDataClass.swift in Sources */ = {isa = PBXBuildFile; fileRef = 294AD35B261F74340086E808 /* DrillResult+CoreDataClass.swift */; };
		294AD360261F74340086E808 /* DrillResult+CoreDataProperties.swift in Sources */ = {isa = PBXBuildFile; fileRef = 294AD35C261F74340086E808 /* DrillResult+CoreDataProperties.swift */; };
		295389DA26696C4D0028E5B8 /* StatisticsPanel.swift in Sources */ = {isa = PBXBuildFile; fileRef = 295389D926696C4D0028E5B8 /* StatisticsPanel.swift */; };
		29558FD626432F46006BA300 /* Extensions.swift in Sources */ = {isa = PBXBuildFile; fileRef = 29558FD526432F46006BA300 /* Extensions.swift */; };
		29642E4B262E058C00A967D6 /* SessionView.swift in Sources */ = {isa = PBXBuildFile; fileRef = 29642E4A262E058C00A967D6 /* SessionView.swift */; };
		297E8FF9268B649C0091F086 /* OnboardView.swift in Sources */ = {isa = PBXBuildFile; fileRef = 297E8FF8268B649C0091F086 /* OnboardView.swift */; };
		297FD9C2268522EB00DFBFFC /* LaunchScreen.storyboard in Resources */ = {isa = PBXBuildFile; fileRef = 297FD9C1268522EB00DFBFFC /* LaunchScreen.storyboard */; };
		298E3538261A1C4F00CCDDEE /* DrillContext.swift in Sources */ = {isa = PBXBuildFile; fileRef = 298E3537261A1C4F00CCDDEE /* DrillContext.swift */; };
		298E3539261A1C4F00CCDDEE /* DrillContext.swift in Sources */ = {isa = PBXBuildFile; fileRef = 298E3537261A1C4F00CCDDEE /* DrillContext.swift */; };
		2994521C26407CAD0051F4A7 /* ChartView.swift in Sources */ = {isa = PBXBuildFile; fileRef = 2994521B26407CAD0051F4A7 /* ChartView.swift */; };
		29A07896297C117400A5012A /* ComposableArchitecture in Frameworks */ = {isa = PBXBuildFile; productRef = 29A07895297C117400A5012A /* ComposableArchitecture */; };
		29A07899297C230000A5012A /* Session.swift in Sources */ = {isa = PBXBuildFile; fileRef = 29A07898297C230000A5012A /* Session.swift */; };
		29A0789E297C75ED00A5012A /* PassiveNavigationLink.swift in Sources */ = {isa = PBXBuildFile; fileRef = 29A0789D297C75ED00A5012A /* PassiveNavigationLink.swift */; };
		29A078A1297EFBFE00A5012A /* NewDrill.swift in Sources */ = {isa = PBXBuildFile; fileRef = 29A078A0297EFBFE00A5012A /* NewDrill.swift */; };
		29A078A4297F0C6C00A5012A /* Main.swift in Sources */ = {isa = PBXBuildFile; fileRef = 29A078A3297F0C6C00A5012A /* Main.swift */; };
		29A078A9298015E900A5012A /* Statistics.swift in Sources */ = {isa = PBXBuildFile; fileRef = 29A078A8298015E900A5012A /* Statistics.swift */; };
		29A078AC2980195600A5012A /* DrillList.swift in Sources */ = {isa = PBXBuildFile; fileRef = 29A078AB2980195600A5012A /* DrillList.swift */; };
		29A078AE29808AA300A5012A /* PersistenceClient.swift in Sources */ = {isa = PBXBuildFile; fileRef = 29A078AD29808AA200A5012A /* PersistenceClient.swift */; };
		29A078B02986EFFB00A5012A /* ConnectivityClient.swift in Sources */ = {isa = PBXBuildFile; fileRef = 29A078AF2986EFFB00A5012A /* ConnectivityClient.swift */; };
		29A0F398299D54FC000302AF /* Session.swift in Sources */ = {isa = PBXBuildFile; fileRef = 29A0F397299D54FC000302AF /* Session.swift */; };
		29A0F39A299D642F000302AF /* ExtendedRuntimeClient.swift in Sources */ = {isa = PBXBuildFile; fileRef = 29A0F399299D642F000302AF /* ExtendedRuntimeClient.swift */; };
		29A0F39C299ED466000302AF /* SessionProgressView.swift in Sources */ = {isa = PBXBuildFile; fileRef = 29A0F39B299ED466000302AF /* SessionProgressView.swift */; };
		29A0F39E299ED5D1000302AF /* SessionControlView.swift in Sources */ = {isa = PBXBuildFile; fileRef = 29A0F39D299ED5D1000302AF /* SessionControlView.swift */; };
		29A64523261CDCE100C42E41 /* BilliardsTrackerModel.xcdatamodeld in Sources */ = {isa = PBXBuildFile; fileRef = 29A64521261CDCE100C42E41 /* BilliardsTrackerModel.xcdatamodeld */; };
		29A64531261DFB4300C42E41 /* ResultContext.swift in Sources */ = {isa = PBXBuildFile; fileRef = 29A64530261DFB4300C42E41 /* ResultContext.swift */; };
		29A64532261DFB4300C42E41 /* ResultContext.swift in Sources */ = {isa = PBXBuildFile; fileRef = 29A64530261DFB4300C42E41 /* ResultContext.swift */; };
		29BB85FC262E26AB0055A8BB /* StatisticsView.swift in Sources */ = {isa = PBXBuildFile; fileRef = 29BB85FB262E26AB0055A8BB /* StatisticsView.swift */; };
		29BB8603262EECE00055A8BB /* NewDrillView.swift in Sources */ = {isa = PBXBuildFile; fileRef = 29BB8602262EECE00055A8BB /* NewDrillView.swift */; };
		29BB860F2631F2BA0055A8BB /* StatisticsManager.swift in Sources */ = {isa = PBXBuildFile; fileRef = 29BB860E2631F2BA0055A8BB /* StatisticsManager.swift */; };
		29C554AD298E7D1B0045DFCB /* Settings.swift in Sources */ = {isa = PBXBuildFile; fileRef = 29C554AC298E7D1B0045DFCB /* Settings.swift */; };
		29C554AF298EBC7B0045DFCB /* ShrinkOnPressView.swift in Sources */ = {isa = PBXBuildFile; fileRef = 29C554AE298EBC7B0045DFCB /* ShrinkOnPressView.swift */; };
		29C554B1298EC8A90045DFCB /* DrillItem.swift in Sources */ = {isa = PBXBuildFile; fileRef = 29C554B0298EC8A90045DFCB /* DrillItem.swift */; };
		29C554B3298EEDEB0045DFCB /* DrillItemView.swift in Sources */ = {isa = PBXBuildFile; fileRef = 29C554B2298EEDEB0045DFCB /* DrillItemView.swift */; };
		29C554B5299296860045DFCB /* ExitButtonView.swift in Sources */ = {isa = PBXBuildFile; fileRef = 29C554B4299296860045DFCB /* ExitButtonView.swift */; };
		29C87169262210680064C592 /* SessionView.swift in Sources */ = {isa = PBXBuildFile; fileRef = 29C87168262210680064C592 /* SessionView.swift */; };
		29DB145E2998168A004029D1 /* MainTests.swift in Sources */ = {isa = PBXBuildFile; fileRef = 29DB145D2998168A004029D1 /* MainTests.swift */; };
		29DB1461299ADA77004029D1 /* ComposableArchitecture in Frameworks */ = {isa = PBXBuildFile; productRef = 29DB1460299ADA77004029D1 /* ComposableArchitecture */; };
		29DB1464299ADE8B004029D1 /* Main.swift in Sources */ = {isa = PBXBuildFile; fileRef = 29DB1463299ADE8B004029D1 /* Main.swift */; };
		29DB1466299ADF1B004029D1 /* MainView.swift in Sources */ = {isa = PBXBuildFile; fileRef = 29DB1465299ADF1B004029D1 /* MainView.swift */; };
		29DB1467299C02D0004029D1 /* PassiveNavigationLink.swift in Sources */ = {isa = PBXBuildFile; fileRef = 29A0789D297C75ED00A5012A /* PassiveNavigationLink.swift */; };
		29DB1469299C3437004029D1 /* Standalone.swift in Sources */ = {isa = PBXBuildFile; fileRef = 29DB1468299C3437004029D1 /* Standalone.swift */; };
		29F37DEC2617717C00DD4A9C /* SetupView.swift in Sources */ = {isa = PBXBuildFile; fileRef = 29F37DEB2617717C00DD4A9C /* SetupView.swift */; };
		29FAD65E2615112A00310DA9 /* SessionManager.swift in Sources */ = {isa = PBXBuildFile; fileRef = 29FAD65D2615112A00310DA9 /* SessionManager.swift */; };
		29FAD66A2616066900310DA9 /* MotionManager.swift in Sources */ = {isa = PBXBuildFile; fileRef = 29FAD6692616066800310DA9 /* MotionManager.swift */; };
		29FD3DD42624DAF500322371 /* ConnectivityManager.swift in Sources */ = {isa = PBXBuildFile; fileRef = 29FD3DD32624DAF500322371 /* ConnectivityManager.swift */; };
/* End PBXBuildFile section */

/* Begin PBXContainerItemProxy section */
		2926E10626150FE500E95DBB /* PBXContainerItemProxy */ = {
			isa = PBXContainerItemProxy;
			containerPortal = 2926E0EC26150FE300E95DBB /* Project object */;
			proxyType = 1;
			remoteGlobalIDString = 2926E0F326150FE400E95DBB;
			remoteInfo = BilliardsTracker;
		};
		2926E11126150FE500E95DBB /* PBXContainerItemProxy */ = {
			isa = PBXContainerItemProxy;
			containerPortal = 2926E0EC26150FE300E95DBB /* Project object */;
			proxyType = 1;
			remoteGlobalIDString = 2926E0F326150FE400E95DBB;
			remoteInfo = BilliardsTracker;
		};
		2926E11B26150FE500E95DBB /* PBXContainerItemProxy */ = {
			isa = PBXContainerItemProxy;
			containerPortal = 2926E0EC26150FE300E95DBB /* Project object */;
			proxyType = 1;
			remoteGlobalIDString = 2926E11826150FE500E95DBB;
			remoteInfo = "BilliardsTracker WatchKit App";
		};
/* End PBXContainerItemProxy section */

/* Begin PBXCopyFilesBuildPhase section */
		2926E13F26150FE600E95DBB /* Embed Watch Content */ = {
			isa = PBXCopyFilesBuildPhase;
			buildActionMask = 2147483647;
			dstPath = "$(CONTENTS_FOLDER_PATH)/Watch";
			dstSubfolderSpec = 16;
			files = (
				2926E11A26150FE500E95DBB /* BilliardsTracker Watch App.app in Embed Watch Content */,
			);
			name = "Embed Watch Content";
			runOnlyForDeploymentPostprocessing = 0;
		};
/* End PBXCopyFilesBuildPhase section */

/* Begin PBXFileReference section */
		290C01142617794900A82A6C /* PrimaryControls.swift */ = {isa = PBXFileReference; lastKnownFileType = sourcecode.swift; path = PrimaryControls.swift; sourceTree = "<group>"; };
		290C0120261799D900A82A6C /* SecondaryControls.swift */ = {isa = PBXFileReference; lastKnownFileType = sourcecode.swift; path = SecondaryControls.swift; sourceTree = "<group>"; };
		290C01272617AB0200A82A6C /* CompletionView.swift */ = {isa = PBXFileReference; lastKnownFileType = sourcecode.swift; path = CompletionView.swift; sourceTree = "<group>"; };
		290C01382618899E00A82A6C /* ExtendedRuntimeManager.swift */ = {isa = PBXFileReference; lastKnownFileType = sourcecode.swift; path = ExtendedRuntimeManager.swift; sourceTree = "<group>"; };
		29200294267FC78500DCA308 /* Extensions.swift */ = {isa = PBXFileReference; lastKnownFileType = sourcecode.swift; path = Extensions.swift; sourceTree = "<group>"; };
		292002D82682572C00DCA308 /* MarqueeText.swift */ = {isa = PBXFileReference; lastKnownFileType = sourcecode.swift; path = MarqueeText.swift; sourceTree = "<group>"; };
		2926E0F426150FE400E95DBB /* BilliardsTracker.app */ = {isa = PBXFileReference; explicitFileType = wrapper.application; includeInIndex = 0; path = BilliardsTracker.app; sourceTree = BUILT_PRODUCTS_DIR; };
		2926E0F726150FE400E95DBB /* BilliardsTrackerApp.swift */ = {isa = PBXFileReference; lastKnownFileType = sourcecode.swift; path = BilliardsTrackerApp.swift; sourceTree = "<group>"; };
		2926E0F926150FE400E95DBB /* DrillListView.swift */ = {isa = PBXFileReference; lastKnownFileType = sourcecode.swift; path = DrillListView.swift; sourceTree = "<group>"; };
		2926E0FB26150FE500E95DBB /* Assets.xcassets */ = {isa = PBXFileReference; lastKnownFileType = folder.assetcatalog; path = Assets.xcassets; sourceTree = "<group>"; };
		2926E0FE26150FE500E95DBB /* Preview Assets.xcassets */ = {isa = PBXFileReference; lastKnownFileType = folder.assetcatalog; path = "Preview Assets.xcassets"; sourceTree = "<group>"; };
		2926E10026150FE500E95DBB /* Info.plist */ = {isa = PBXFileReference; lastKnownFileType = text.plist.xml; path = Info.plist; sourceTree = "<group>"; };
		2926E10526150FE500E95DBB /* BilliardsTrackerTests.xctest */ = {isa = PBXFileReference; explicitFileType = wrapper.cfbundle; includeInIndex = 0; path = BilliardsTrackerTests.xctest; sourceTree = BUILT_PRODUCTS_DIR; };
		2926E10B26150FE500E95DBB /* Info.plist */ = {isa = PBXFileReference; lastKnownFileType = text.plist.xml; path = Info.plist; sourceTree = "<group>"; };
		2926E11026150FE500E95DBB /* BilliardsTrackerUITests.xctest */ = {isa = PBXFileReference; explicitFileType = wrapper.cfbundle; includeInIndex = 0; path = BilliardsTrackerUITests.xctest; sourceTree = BUILT_PRODUCTS_DIR; };
		2926E11426150FE500E95DBB /* BilliardsTrackerUITests.swift */ = {isa = PBXFileReference; lastKnownFileType = sourcecode.swift; path = BilliardsTrackerUITests.swift; sourceTree = "<group>"; };
		2926E11626150FE500E95DBB /* Info.plist */ = {isa = PBXFileReference; lastKnownFileType = text.plist.xml; path = Info.plist; sourceTree = "<group>"; };
		2926E11926150FE500E95DBB /* BilliardsTracker Watch App.app */ = {isa = PBXFileReference; explicitFileType = wrapper.application; includeInIndex = 0; path = "BilliardsTracker Watch App.app"; sourceTree = BUILT_PRODUCTS_DIR; };
		2926E11E26150FE600E95DBB /* Assets.xcassets */ = {isa = PBXFileReference; lastKnownFileType = folder.assetcatalog; path = Assets.xcassets; sourceTree = "<group>"; };
		2926E12026150FE600E95DBB /* Info.plist */ = {isa = PBXFileReference; lastKnownFileType = text.plist.xml; path = Info.plist; sourceTree = "<group>"; };
		2926E12C26150FE600E95DBB /* BilliardsTrackerApp.swift */ = {isa = PBXFileReference; lastKnownFileType = sourcecode.swift; path = BilliardsTrackerApp.swift; sourceTree = "<group>"; };
		292E6F61266BFD1B0078C033 /* CardView.swift */ = {isa = PBXFileReference; lastKnownFileType = sourcecode.swift; path = CardView.swift; sourceTree = "<group>"; };
		292E6F68266C0A0E0078C033 /* ResultsView.swift */ = {isa = PBXFileReference; lastKnownFileType = sourcecode.swift; path = ResultsView.swift; sourceTree = "<group>"; };
		293433C7267676C000FA4768 /* SettingsView.swift */ = {isa = PBXFileReference; lastKnownFileType = sourcecode.swift; path = SettingsView.swift; sourceTree = "<group>"; };
		293433CE267764FD00FA4768 /* MainView.swift */ = {isa = PBXFileReference; lastKnownFileType = sourcecode.swift; path = MainView.swift; sourceTree = "<group>"; };
		294AD359261F74340086E808 /* Drill+CoreDataClass.swift */ = {isa = PBXFileReference; lastKnownFileType = sourcecode.swift; path = "Drill+CoreDataClass.swift"; sourceTree = "<group>"; };
		294AD35A261F74340086E808 /* Drill+CoreDataProperties.swift */ = {isa = PBXFileReference; lastKnownFileType = sourcecode.swift; path = "Drill+CoreDataProperties.swift"; sourceTree = "<group>"; };
		294AD35B261F74340086E808 /* DrillResult+CoreDataClass.swift */ = {isa = PBXFileReference; lastKnownFileType = sourcecode.swift; path = "DrillResult+CoreDataClass.swift"; sourceTree = "<group>"; };
		294AD35C261F74340086E808 /* DrillResult+CoreDataProperties.swift */ = {isa = PBXFileReference; lastKnownFileType = sourcecode.swift; path = "DrillResult+CoreDataProperties.swift"; sourceTree = "<group>"; };
		295389D926696C4D0028E5B8 /* StatisticsPanel.swift */ = {isa = PBXFileReference; lastKnownFileType = sourcecode.swift; path = StatisticsPanel.swift; sourceTree = "<group>"; };
		29558FD526432F46006BA300 /* Extensions.swift */ = {isa = PBXFileReference; lastKnownFileType = sourcecode.swift; path = Extensions.swift; sourceTree = "<group>"; };
		29642E4A262E058C00A967D6 /* SessionView.swift */ = {isa = PBXFileReference; lastKnownFileType = sourcecode.swift; path = SessionView.swift; sourceTree = "<group>"; };
		297E8FF8268B649C0091F086 /* OnboardView.swift */ = {isa = PBXFileReference; lastKnownFileType = sourcecode.swift; path = OnboardView.swift; sourceTree = "<group>"; };
		297FD9C1268522EB00DFBFFC /* LaunchScreen.storyboard */ = {isa = PBXFileReference; lastKnownFileType = file.storyboard; path = LaunchScreen.storyboard; sourceTree = "<group>"; };
		298E3537261A1C4F00CCDDEE /* DrillContext.swift */ = {isa = PBXFileReference; lastKnownFileType = sourcecode.swift; path = DrillContext.swift; sourceTree = "<group>"; };
		2994521B26407CAD0051F4A7 /* ChartView.swift */ = {isa = PBXFileReference; lastKnownFileType = sourcecode.swift; path = ChartView.swift; sourceTree = "<group>"; };
		29A07898297C230000A5012A /* Session.swift */ = {isa = PBXFileReference; lastKnownFileType = sourcecode.swift; path = Session.swift; sourceTree = "<group>"; };
		29A0789D297C75ED00A5012A /* PassiveNavigationLink.swift */ = {isa = PBXFileReference; lastKnownFileType = sourcecode.swift; path = PassiveNavigationLink.swift; sourceTree = "<group>"; };
		29A078A0297EFBFE00A5012A /* NewDrill.swift */ = {isa = PBXFileReference; lastKnownFileType = sourcecode.swift; path = NewDrill.swift; sourceTree = "<group>"; };
		29A078A3297F0C6C00A5012A /* Main.swift */ = {isa = PBXFileReference; lastKnownFileType = sourcecode.swift; path = Main.swift; sourceTree = "<group>"; };
		29A078A8298015E900A5012A /* Statistics.swift */ = {isa = PBXFileReference; lastKnownFileType = sourcecode.swift; path = Statistics.swift; sourceTree = "<group>"; };
		29A078AB2980195600A5012A /* DrillList.swift */ = {isa = PBXFileReference; lastKnownFileType = sourcecode.swift; path = DrillList.swift; sourceTree = "<group>"; };
		29A078AD29808AA200A5012A /* PersistenceClient.swift */ = {isa = PBXFileReference; lastKnownFileType = sourcecode.swift; path = PersistenceClient.swift; sourceTree = "<group>"; };
		29A078AF2986EFFB00A5012A /* ConnectivityClient.swift */ = {isa = PBXFileReference; lastKnownFileType = sourcecode.swift; path = ConnectivityClient.swift; sourceTree = "<group>"; };
		29A0F397299D54FC000302AF /* Session.swift */ = {isa = PBXFileReference; lastKnownFileType = sourcecode.swift; path = Session.swift; sourceTree = "<group>"; };
		29A0F399299D642F000302AF /* ExtendedRuntimeClient.swift */ = {isa = PBXFileReference; lastKnownFileType = sourcecode.swift; path = ExtendedRuntimeClient.swift; sourceTree = "<group>"; };
		29A0F39B299ED466000302AF /* SessionProgressView.swift */ = {isa = PBXFileReference; lastKnownFileType = sourcecode.swift; path = SessionProgressView.swift; sourceTree = "<group>"; };
		29A0F39D299ED5D1000302AF /* SessionControlView.swift */ = {isa = PBXFileReference; lastKnownFileType = sourcecode.swift; path = SessionControlView.swift; sourceTree = "<group>"; };
		29A64522261CDCE100C42E41 /* BilliardsTrackerModel.xcdatamodel */ = {isa = PBXFileReference; lastKnownFileType = wrapper.xcdatamodel; path = BilliardsTrackerModel.xcdatamodel; sourceTree = "<group>"; };
		29A64530261DFB4300C42E41 /* ResultContext.swift */ = {isa = PBXFileReference; lastKnownFileType = sourcecode.swift; path = ResultContext.swift; sourceTree = "<group>"; };
		29BB85FB262E26AB0055A8BB /* StatisticsView.swift */ = {isa = PBXFileReference; lastKnownFileType = sourcecode.swift; path = StatisticsView.swift; sourceTree = "<group>"; };
		29BB8602262EECE00055A8BB /* NewDrillView.swift */ = {isa = PBXFileReference; lastKnownFileType = sourcecode.swift; path = NewDrillView.swift; sourceTree = "<group>"; };
		29BB860E2631F2BA0055A8BB /* StatisticsManager.swift */ = {isa = PBXFileReference; lastKnownFileType = sourcecode.swift; path = StatisticsManager.swift; sourceTree = "<group>"; };
		29C554AC298E7D1B0045DFCB /* Settings.swift */ = {isa = PBXFileReference; lastKnownFileType = sourcecode.swift; path = Settings.swift; sourceTree = "<group>"; };
		29C554AE298EBC7B0045DFCB /* ShrinkOnPressView.swift */ = {isa = PBXFileReference; lastKnownFileType = sourcecode.swift; path = ShrinkOnPressView.swift; sourceTree = "<group>"; };
		29C554B0298EC8A90045DFCB /* DrillItem.swift */ = {isa = PBXFileReference; lastKnownFileType = sourcecode.swift; path = DrillItem.swift; sourceTree = "<group>"; };
		29C554B2298EEDEB0045DFCB /* DrillItemView.swift */ = {isa = PBXFileReference; lastKnownFileType = sourcecode.swift; path = DrillItemView.swift; sourceTree = "<group>"; };
		29C554B4299296860045DFCB /* ExitButtonView.swift */ = {isa = PBXFileReference; lastKnownFileType = sourcecode.swift; path = ExitButtonView.swift; sourceTree = "<group>"; };
		29C87168262210680064C592 /* SessionView.swift */ = {isa = PBXFileReference; lastKnownFileType = sourcecode.swift; path = SessionView.swift; sourceTree = "<group>"; };
		29DB145D2998168A004029D1 /* MainTests.swift */ = {isa = PBXFileReference; lastKnownFileType = sourcecode.swift; path = MainTests.swift; sourceTree = "<group>"; };
		29DB1463299ADE8B004029D1 /* Main.swift */ = {isa = PBXFileReference; lastKnownFileType = sourcecode.swift; path = Main.swift; sourceTree = "<group>"; };
		29DB1465299ADF1B004029D1 /* MainView.swift */ = {isa = PBXFileReference; lastKnownFileType = sourcecode.swift; path = MainView.swift; sourceTree = "<group>"; };
		29DB1468299C3437004029D1 /* Standalone.swift */ = {isa = PBXFileReference; lastKnownFileType = sourcecode.swift; path = Standalone.swift; sourceTree = "<group>"; };
		29F37DEB2617717C00DD4A9C /* SetupView.swift */ = {isa = PBXFileReference; lastKnownFileType = sourcecode.swift; path = SetupView.swift; sourceTree = "<group>"; };
		29FAD65D2615112A00310DA9 /* SessionManager.swift */ = {isa = PBXFileReference; lastKnownFileType = sourcecode.swift; path = SessionManager.swift; sourceTree = "<group>"; };
		29FAD6692616066800310DA9 /* MotionManager.swift */ = {isa = PBXFileReference; lastKnownFileType = sourcecode.swift; path = MotionManager.swift; sourceTree = "<group>"; };
		29FD3DD32624DAF500322371 /* ConnectivityManager.swift */ = {isa = PBXFileReference; lastKnownFileType = sourcecode.swift; path = ConnectivityManager.swift; sourceTree = "<group>"; };
/* End PBXFileReference section */

/* Begin PBXFrameworksBuildPhase section */
		2926E0F126150FE400E95DBB /* Frameworks */ = {
			isa = PBXFrameworksBuildPhase;
			buildActionMask = 2147483647;
			files = (
				29A07896297C117400A5012A /* ComposableArchitecture in Frameworks */,
			);
			runOnlyForDeploymentPostprocessing = 0;
		};
		2926E10226150FE500E95DBB /* Frameworks */ = {
			isa = PBXFrameworksBuildPhase;
			buildActionMask = 2147483647;
			files = (
			);
			runOnlyForDeploymentPostprocessing = 0;
		};
		2926E10D26150FE500E95DBB /* Frameworks */ = {
			isa = PBXFrameworksBuildPhase;
			buildActionMask = 2147483647;
			files = (
			);
			runOnlyForDeploymentPostprocessing = 0;
		};
		2926E12226150FE600E95DBB /* Frameworks */ = {
			isa = PBXFrameworksBuildPhase;
			buildActionMask = 2147483647;
			files = (
				29DB1461299ADA77004029D1 /* ComposableArchitecture in Frameworks */,
			);
			runOnlyForDeploymentPostprocessing = 0;
		};
/* End PBXFrameworksBuildPhase section */

/* Begin PBXGroup section */
		29200293267FC76D00DCA308 /* Supporting FIles */ = {
			isa = PBXGroup;
			children = (
				29200294267FC78500DCA308 /* Extensions.swift */,
			);
			path = "Supporting FIles";
			sourceTree = "<group>";
		};
		2926E0EB26150FE300E95DBB = {
			isa = PBXGroup;
			children = (
				298E3536261A1C3200CCDDEE /* Shared */,
				2926E0F626150FE400E95DBB /* BilliardsTracker */,
				2926E10826150FE500E95DBB /* BilliardsTrackerTests */,
				2926E11326150FE500E95DBB /* BilliardsTrackerUITests */,
				2926E11D26150FE500E95DBB /* BilliardsTracker Watch App */,
				2926E0F526150FE400E95DBB /* Products */,
				29DB145F299ADA77004029D1 /* Frameworks */,
			);
			sourceTree = "<group>";
		};
		2926E0F526150FE400E95DBB /* Products */ = {
			isa = PBXGroup;
			children = (
				2926E0F426150FE400E95DBB /* BilliardsTracker.app */,
				2926E10526150FE500E95DBB /* BilliardsTrackerTests.xctest */,
				2926E11026150FE500E95DBB /* BilliardsTrackerUITests.xctest */,
				2926E11926150FE500E95DBB /* BilliardsTracker Watch App.app */,
			);
			name = Products;
			sourceTree = "<group>";
		};
		2926E0F626150FE400E95DBB /* BilliardsTracker */ = {
			isa = PBXGroup;
			children = (
				2926E0F726150FE400E95DBB /* BilliardsTrackerApp.swift */,
				29A078AF2986EFFB00A5012A /* ConnectivityClient.swift */,
				29A078AD29808AA200A5012A /* PersistenceClient.swift */,
				29BB860E2631F2BA0055A8BB /* StatisticsManager.swift */,
				29A0789F297EFBEC00A5012A /* NewDrill */,
				29A078AA2980194400A5012A /* DrillList */,
				29A078A2297F0C5B00A5012A /* Main */,
				29C554AB298E7D080045DFCB /* Settings */,
				29A07897297C22EB00A5012A /* Session */,
				29A078A7298015D100A5012A /* Statistics */,
				294AD366261F74C40086E808 /* Models */,
				29642E3D262CD7BB00A967D6 /* Views */,
				29558FD426432F26006BA300 /* Supporting Files */,
				2926E0FB26150FE500E95DBB /* Assets.xcassets */,
				2926E10026150FE500E95DBB /* Info.plist */,
				297FD9C1268522EB00DFBFFC /* LaunchScreen.storyboard */,
				2926E0FD26150FE500E95DBB /* Preview Content */,
			);
			path = BilliardsTracker;
			sourceTree = "<group>";
		};
		2926E0FD26150FE500E95DBB /* Preview Content */ = {
			isa = PBXGroup;
			children = (
				2926E0FE26150FE500E95DBB /* Preview Assets.xcassets */,
			);
			path = "Preview Content";
			sourceTree = "<group>";
		};
		2926E10826150FE500E95DBB /* BilliardsTrackerTests */ = {
			isa = PBXGroup;
			children = (
				29DB145D2998168A004029D1 /* MainTests.swift */,
				2926E10B26150FE500E95DBB /* Info.plist */,
			);
			path = BilliardsTrackerTests;
			sourceTree = "<group>";
		};
		2926E11326150FE500E95DBB /* BilliardsTrackerUITests */ = {
			isa = PBXGroup;
			children = (
				2926E11426150FE500E95DBB /* BilliardsTrackerUITests.swift */,
				2926E11626150FE500E95DBB /* Info.plist */,
			);
			path = BilliardsTrackerUITests;
			sourceTree = "<group>";
		};
		2926E11D26150FE500E95DBB /* BilliardsTracker Watch App */ = {
			isa = PBXGroup;
			children = (
				2926E12C26150FE600E95DBB /* BilliardsTrackerApp.swift */,
				29A0F396299D54EA000302AF /* Session */,
				292D80A1265D88FC0058CAB2 /* Managers */,
				29DB146A299C343C004029D1 /* Standalone */,
				29DB1462299ADE78004029D1 /* Main */,
				29F37DEA2617716A00DD4A9C /* Views */,
				29200293267FC76D00DCA308 /* Supporting FIles */,
				2926E11E26150FE600E95DBB /* Assets.xcassets */,
				2926E12026150FE600E95DBB /* Info.plist */,
			);
			path = "BilliardsTracker Watch App";
			sourceTree = "<group>";
		};
		292D80A1265D88FC0058CAB2 /* Managers */ = {
			isa = PBXGroup;
			children = (
				29FD3DD32624DAF500322371 /* ConnectivityManager.swift */,
				290C01382618899E00A82A6C /* ExtendedRuntimeManager.swift */,
				29FAD6692616066800310DA9 /* MotionManager.swift */,
				29FAD65D2615112A00310DA9 /* SessionManager.swift */,
			);
			path = Managers;
			sourceTree = "<group>";
		};
		294AD366261F74C40086E808 /* Models */ = {
			isa = PBXGroup;
			children = (
				29A64521261CDCE100C42E41 /* BilliardsTrackerModel.xcdatamodeld */,
				294AD359261F74340086E808 /* Drill+CoreDataClass.swift */,
				294AD35A261F74340086E808 /* Drill+CoreDataProperties.swift */,
				294AD35B261F74340086E808 /* DrillResult+CoreDataClass.swift */,
				294AD35C261F74340086E808 /* DrillResult+CoreDataProperties.swift */,
			);
			path = Models;
			sourceTree = "<group>";
		};
		29558FD426432F26006BA300 /* Supporting Files */ = {
			isa = PBXGroup;
			children = (
				29558FD526432F46006BA300 /* Extensions.swift */,
			);
			path = "Supporting Files";
			sourceTree = "<group>";
		};
		29642E3D262CD7BB00A967D6 /* Views */ = {
			isa = PBXGroup;
			children = (
				292E6F61266BFD1B0078C033 /* CardView.swift */,
				2994521B26407CAD0051F4A7 /* ChartView.swift */,
				29C554B4299296860045DFCB /* ExitButtonView.swift */,
				292E6F68266C0A0E0078C033 /* ResultsView.swift */,
				29C554AE298EBC7B0045DFCB /* ShrinkOnPressView.swift */,
				295389D926696C4D0028E5B8 /* StatisticsPanel.swift */,
			);
			path = Views;
			sourceTree = "<group>";
		};
		2967D87C2694DBDD0031C3A7 /* Misc Views */ = {
			isa = PBXGroup;
			children = (
				292002D82682572C00DCA308 /* MarqueeText.swift */,
				297E8FF8268B649C0091F086 /* OnboardView.swift */,
			);
			path = "Misc Views";
			sourceTree = "<group>";
		};
		298E3536261A1C3200CCDDEE /* Shared */ = {
			isa = PBXGroup;
			children = (
				298E3537261A1C4F00CCDDEE /* DrillContext.swift */,
				29A64530261DFB4300C42E41 /* ResultContext.swift */,
				29A0789D297C75ED00A5012A /* PassiveNavigationLink.swift */,
			);
			path = Shared;
			sourceTree = "<group>";
		};
		29A07897297C22EB00A5012A /* Session */ = {
			isa = PBXGroup;
			children = (
				29A07898297C230000A5012A /* Session.swift */,
				29642E4A262E058C00A967D6 /* SessionView.swift */,
			);
			path = Session;
			sourceTree = "<group>";
		};
		29A0789F297EFBEC00A5012A /* NewDrill */ = {
			isa = PBXGroup;
			children = (
				29A078A0297EFBFE00A5012A /* NewDrill.swift */,
				29BB8602262EECE00055A8BB /* NewDrillView.swift */,
			);
			path = NewDrill;
			sourceTree = "<group>";
		};
		29A078A2297F0C5B00A5012A /* Main */ = {
			isa = PBXGroup;
			children = (
				29A078A3297F0C6C00A5012A /* Main.swift */,
				293433CE267764FD00FA4768 /* MainView.swift */,
			);
			path = Main;
			sourceTree = "<group>";
		};
		29A078A7298015D100A5012A /* Statistics */ = {
			isa = PBXGroup;
			children = (
				29A078A8298015E900A5012A /* Statistics.swift */,
				29BB85FB262E26AB0055A8BB /* StatisticsView.swift */,
			);
			path = Statistics;
			sourceTree = "<group>";
		};
		29A078AA2980194400A5012A /* DrillList */ = {
			isa = PBXGroup;
			children = (
				29C554B0298EC8A90045DFCB /* DrillItem.swift */,
				29C554B2298EEDEB0045DFCB /* DrillItemView.swift */,
				29A078AB2980195600A5012A /* DrillList.swift */,
				2926E0F926150FE400E95DBB /* DrillListView.swift */,
			);
			path = DrillList;
			sourceTree = "<group>";
		};
		29A0F396299D54EA000302AF /* Session */ = {
			isa = PBXGroup;
			children = (
				29A0F399299D642F000302AF /* ExtendedRuntimeClient.swift */,
				29A0F397299D54FC000302AF /* Session.swift */,
				29A0F39D299ED5D1000302AF /* SessionControlView.swift */,
				29A0F39B299ED466000302AF /* SessionProgressView.swift */,
			);
			path = Session;
			sourceTree = "<group>";
		};
		29C554AB298E7D080045DFCB /* Settings */ = {
			isa = PBXGroup;
			children = (
				29C554AC298E7D1B0045DFCB /* Settings.swift */,
				293433C7267676C000FA4768 /* SettingsView.swift */,
			);
			path = Settings;
			sourceTree = "<group>";
		};
		29DB145F299ADA77004029D1 /* Frameworks */ = {
			isa = PBXGroup;
			children = (
			);
			name = Frameworks;
			sourceTree = "<group>";
		};
		29DB1462299ADE78004029D1 /* Main */ = {
			isa = PBXGroup;
			children = (
				29DB1463299ADE8B004029D1 /* Main.swift */,
				29DB1465299ADF1B004029D1 /* MainView.swift */,
			);
			path = Main;
			sourceTree = "<group>";
		};
		29DB146A299C343C004029D1 /* Standalone */ = {
			isa = PBXGroup;
			children = (
				29DB1468299C3437004029D1 /* Standalone.swift */,
			);
			path = Standalone;
			sourceTree = "<group>";
		};
		29F37DEA2617716A00DD4A9C /* Views */ = {
			isa = PBXGroup;
			children = (
				290C01272617AB0200A82A6C /* CompletionView.swift */,
				290C01142617794900A82A6C /* PrimaryControls.swift */,
				290C0120261799D900A82A6C /* SecondaryControls.swift */,
				29C87168262210680064C592 /* SessionView.swift */,
				29F37DEB2617717C00DD4A9C /* SetupView.swift */,
				2967D87C2694DBDD0031C3A7 /* Misc Views */,
			);
			path = Views;
			sourceTree = "<group>";
		};
/* End PBXGroup section */

/* Begin PBXNativeTarget section */
		2926E0F326150FE400E95DBB /* BilliardsTracker */ = {
			isa = PBXNativeTarget;
			buildConfigurationList = 2926E14026150FE600E95DBB /* Build configuration list for PBXNativeTarget "BilliardsTracker" */;
			buildPhases = (
				2926E0F026150FE400E95DBB /* Sources */,
				2926E0F126150FE400E95DBB /* Frameworks */,
				2926E0F226150FE400E95DBB /* Resources */,
				2926E13F26150FE600E95DBB /* Embed Watch Content */,
				2929CB4026B94FA900B5F84F /* ShellScript */,
			);
			buildRules = (
			);
			dependencies = (
				2926E11C26150FE500E95DBB /* PBXTargetDependency */,
			);
			name = BilliardsTracker;
			packageProductDependencies = (
				29A07895297C117400A5012A /* ComposableArchitecture */,
			);
			productName = BilliardsTracker;
			productReference = 2926E0F426150FE400E95DBB /* BilliardsTracker.app */;
			productType = "com.apple.product-type.application";
		};
		2926E10426150FE500E95DBB /* BilliardsTrackerTests */ = {
			isa = PBXNativeTarget;
			buildConfigurationList = 2926E14326150FE600E95DBB /* Build configuration list for PBXNativeTarget "BilliardsTrackerTests" */;
			buildPhases = (
				2926E10126150FE500E95DBB /* Sources */,
				2926E10226150FE500E95DBB /* Frameworks */,
				2926E10326150FE500E95DBB /* Resources */,
			);
			buildRules = (
			);
			dependencies = (
				2926E10726150FE500E95DBB /* PBXTargetDependency */,
			);
			name = BilliardsTrackerTests;
			productName = BilliardsTrackerTests;
			productReference = 2926E10526150FE500E95DBB /* BilliardsTrackerTests.xctest */;
			productType = "com.apple.product-type.bundle.unit-test";
		};
		2926E10F26150FE500E95DBB /* BilliardsTrackerUITests */ = {
			isa = PBXNativeTarget;
			buildConfigurationList = 2926E14626150FE600E95DBB /* Build configuration list for PBXNativeTarget "BilliardsTrackerUITests" */;
			buildPhases = (
				2926E10C26150FE500E95DBB /* Sources */,
				2926E10D26150FE500E95DBB /* Frameworks */,
				2926E10E26150FE500E95DBB /* Resources */,
			);
			buildRules = (
			);
			dependencies = (
				2926E11226150FE500E95DBB /* PBXTargetDependency */,
			);
			name = BilliardsTrackerUITests;
			productName = BilliardsTrackerUITests;
			productReference = 2926E11026150FE500E95DBB /* BilliardsTrackerUITests.xctest */;
			productType = "com.apple.product-type.bundle.ui-testing";
		};
		2926E11826150FE500E95DBB /* BilliardsTracker Watch App */ = {
			isa = PBXNativeTarget;
			buildConfigurationList = 2926E13C26150FE600E95DBB /* Build configuration list for PBXNativeTarget "BilliardsTracker Watch App" */;
			buildPhases = (
				2926E11726150FE500E95DBB /* Resources */,
				2926E12126150FE600E95DBB /* Sources */,
				2926E12226150FE600E95DBB /* Frameworks */,
			);
			buildRules = (
			);
			dependencies = (
			);
			name = "BilliardsTracker Watch App";
			packageProductDependencies = (
				29DB1460299ADA77004029D1 /* ComposableArchitecture */,
			);
			productName = "BilliardsTracker WatchKit App";
			productReference = 2926E11926150FE500E95DBB /* BilliardsTracker Watch App.app */;
			productType = "com.apple.product-type.application";
		};
/* End PBXNativeTarget section */

/* Begin PBXProject section */
		2926E0EC26150FE300E95DBB /* Project object */ = {
			isa = PBXProject;
			attributes = {
				LastSwiftUpdateCheck = 1240;
				LastUpgradeCheck = 1420;
				TargetAttributes = {
					2926E0F326150FE400E95DBB = {
						CreatedOnToolsVersion = 12.4;
					};
					2926E10426150FE500E95DBB = {
						CreatedOnToolsVersion = 12.4;
						LastSwiftMigration = 1420;
						TestTargetID = 2926E0F326150FE400E95DBB;
					};
					2926E10F26150FE500E95DBB = {
						CreatedOnToolsVersion = 12.4;
						TestTargetID = 2926E0F326150FE400E95DBB;
					};
					2926E11826150FE500E95DBB = {
						CreatedOnToolsVersion = 12.4;
					};
				};
			};
			buildConfigurationList = 2926E0EF26150FE300E95DBB /* Build configuration list for PBXProject "BilliardsTracker" */;
			compatibilityVersion = "Xcode 9.3";
			developmentRegion = en;
			hasScannedForEncodings = 0;
			knownRegions = (
				en,
				Base,
			);
			mainGroup = 2926E0EB26150FE300E95DBB;
			packageReferences = (
				29A07894297C117400A5012A /* XCRemoteSwiftPackageReference "swift-composable-architecture" */,
			);
			productRefGroup = 2926E0F526150FE400E95DBB /* Products */;
			projectDirPath = "";
			projectRoot = "";
			targets = (
				2926E0F326150FE400E95DBB /* BilliardsTracker */,
				2926E10426150FE500E95DBB /* BilliardsTrackerTests */,
				2926E10F26150FE500E95DBB /* BilliardsTrackerUITests */,
				2926E11826150FE500E95DBB /* BilliardsTracker Watch App */,
			);
		};
/* End PBXProject section */

/* Begin PBXResourcesBuildPhase section */
		2926E0F226150FE400E95DBB /* Resources */ = {
			isa = PBXResourcesBuildPhase;
			buildActionMask = 2147483647;
			files = (
				297FD9C2268522EB00DFBFFC /* LaunchScreen.storyboard in Resources */,
				2926E0FF26150FE500E95DBB /* Preview Assets.xcassets in Resources */,
				2926E0FC26150FE500E95DBB /* Assets.xcassets in Resources */,
			);
			runOnlyForDeploymentPostprocessing = 0;
		};
		2926E10326150FE500E95DBB /* Resources */ = {
			isa = PBXResourcesBuildPhase;
			buildActionMask = 2147483647;
			files = (
			);
			runOnlyForDeploymentPostprocessing = 0;
		};
		2926E10E26150FE500E95DBB /* Resources */ = {
			isa = PBXResourcesBuildPhase;
			buildActionMask = 2147483647;
			files = (
			);
			runOnlyForDeploymentPostprocessing = 0;
		};
		2926E11726150FE500E95DBB /* Resources */ = {
			isa = PBXResourcesBuildPhase;
			buildActionMask = 2147483647;
			files = (
				2926E11F26150FE600E95DBB /* Assets.xcassets in Resources */,
			);
			runOnlyForDeploymentPostprocessing = 0;
		};
/* End PBXResourcesBuildPhase section */

/* Begin PBXShellScriptBuildPhase section */
		2929CB4026B94FA900B5F84F /* ShellScript */ = {
			isa = PBXShellScriptBuildPhase;
			alwaysOutOfDate = 1;
			buildActionMask = 2147483647;
			files = (
			);
			inputFileListPaths = (
			);
			inputPaths = (
			);
			outputFileListPaths = (
			);
			outputPaths = (
			);
			runOnlyForDeploymentPostprocessing = 0;
			shellPath = /bin/sh;
			shellScript = "if which swiftlint >/dev/null; then\n  swiftlint\nelse\n  echo \"warning: SwiftLint not installed, download from https://github.com/realm/SwiftLint\"\nfi\n";
		};
/* End PBXShellScriptBuildPhase section */

/* Begin PBXSourcesBuildPhase section */
		2926E0F026150FE400E95DBB /* Sources */ = {
			isa = PBXSourcesBuildPhase;
			buildActionMask = 2147483647;
			files = (
				29C554AF298EBC7B0045DFCB /* ShrinkOnPressView.swift in Sources */,
				29A07899297C230000A5012A /* Session.swift in Sources */,
				294AD35E261F74340086E808 /* Drill+CoreDataProperties.swift in Sources */,
				29A078A1297EFBFE00A5012A /* NewDrill.swift in Sources */,
				29C554B1298EC8A90045DFCB /* DrillItem.swift in Sources */,
				29BB85FC262E26AB0055A8BB /* StatisticsView.swift in Sources */,
				29A0789E297C75ED00A5012A /* PassiveNavigationLink.swift in Sources */,
				2926E0FA26150FE400E95DBB /* DrillListView.swift in Sources */,
				29C554B5299296860045DFCB /* ExitButtonView.swift in Sources */,
				298E3538261A1C4F00CCDDEE /* DrillContext.swift in Sources */,
				2994521C26407CAD0051F4A7 /* ChartView.swift in Sources */,
				2926E0F826150FE400E95DBB /* BilliardsTrackerApp.swift in Sources */,
				29558FD626432F46006BA300 /* Extensions.swift in Sources */,
				29BB8603262EECE00055A8BB /* NewDrillView.swift in Sources */,
				293433C8267676C100FA4768 /* SettingsView.swift in Sources */,
				29A64531261DFB4300C42E41 /* ResultContext.swift in Sources */,
				29C554B3298EEDEB0045DFCB /* DrillItemView.swift in Sources */,
				29A078A4297F0C6C00A5012A /* Main.swift in Sources */,
				294AD35F261F74340086E808 /* DrillResult+CoreDataClass.swift in Sources */,
				293433CF267764FD00FA4768 /* MainView.swift in Sources */,
				29A078AE29808AA300A5012A /* PersistenceClient.swift in Sources */,
				295389DA26696C4D0028E5B8 /* StatisticsPanel.swift in Sources */,
				29A078AC2980195600A5012A /* DrillList.swift in Sources */,
				29A078A9298015E900A5012A /* Statistics.swift in Sources */,
				29A078B02986EFFB00A5012A /* ConnectivityClient.swift in Sources */,
				29A64523261CDCE100C42E41 /* BilliardsTrackerModel.xcdatamodeld in Sources */,
				29BB860F2631F2BA0055A8BB /* StatisticsManager.swift in Sources */,
				29C554AD298E7D1B0045DFCB /* Settings.swift in Sources */,
				294AD360261F74340086E808 /* DrillResult+CoreDataProperties.swift in Sources */,
				292E6F69266C0A0E0078C033 /* ResultsView.swift in Sources */,
				29642E4B262E058C00A967D6 /* SessionView.swift in Sources */,
				292E6F62266BFD1B0078C033 /* CardView.swift in Sources */,
				294AD35D261F74340086E808 /* Drill+CoreDataClass.swift in Sources */,
			);
			runOnlyForDeploymentPostprocessing = 0;
		};
		2926E10126150FE500E95DBB /* Sources */ = {
			isa = PBXSourcesBuildPhase;
			buildActionMask = 2147483647;
			files = (
				29DB145E2998168A004029D1 /* MainTests.swift in Sources */,
			);
			runOnlyForDeploymentPostprocessing = 0;
		};
		2926E10C26150FE500E95DBB /* Sources */ = {
			isa = PBXSourcesBuildPhase;
			buildActionMask = 2147483647;
			files = (
				2926E11526150FE500E95DBB /* BilliardsTrackerUITests.swift in Sources */,
			);
			runOnlyForDeploymentPostprocessing = 0;
		};
		2926E12126150FE600E95DBB /* Sources */ = {
			isa = PBXSourcesBuildPhase;
			buildActionMask = 2147483647;
			files = (
				29A0F39C299ED466000302AF /* SessionProgressView.swift in Sources */,
				29A0F398299D54FC000302AF /* Session.swift in Sources */,
				29FAD66A2616066900310DA9 /* MotionManager.swift in Sources */,
				290C01152617794900A82A6C /* PrimaryControls.swift in Sources */,
				298E3539261A1C4F00CCDDEE /* DrillContext.swift in Sources */,
				29C87169262210680064C592 /* SessionView.swift in Sources */,
				29A0F39A299D642F000302AF /* ExtendedRuntimeClient.swift in Sources */,
				29DB1469299C3437004029D1 /* Standalone.swift in Sources */,
				290C01392618899E00A82A6C /* ExtendedRuntimeManager.swift in Sources */,
				29DB1464299ADE8B004029D1 /* Main.swift in Sources */,
				29FAD65E2615112A00310DA9 /* SessionManager.swift in Sources */,
				29FD3DD42624DAF500322371 /* ConnectivityManager.swift in Sources */,
				292002D92682572C00DCA308 /* MarqueeText.swift in Sources */,
				29F37DEC2617717C00DD4A9C /* SetupView.swift in Sources */,
				2926E12D26150FE600E95DBB /* BilliardsTrackerApp.swift in Sources */,
				290C01282617AB0200A82A6C /* CompletionView.swift in Sources */,
				29A0F39E299ED5D1000302AF /* SessionControlView.swift in Sources */,
				29DB1466299ADF1B004029D1 /* MainView.swift in Sources */,
				297E8FF9268B649C0091F086 /* OnboardView.swift in Sources */,
				290C0121261799D900A82A6C /* SecondaryControls.swift in Sources */,
				29A64532261DFB4300C42E41 /* ResultContext.swift in Sources */,
				29200295267FC78500DCA308 /* Extensions.swift in Sources */,
				29DB1467299C02D0004029D1 /* PassiveNavigationLink.swift in Sources */,
			);
			runOnlyForDeploymentPostprocessing = 0;
		};
/* End PBXSourcesBuildPhase section */

/* Begin PBXTargetDependency section */
		2926E10726150FE500E95DBB /* PBXTargetDependency */ = {
			isa = PBXTargetDependency;
			target = 2926E0F326150FE400E95DBB /* BilliardsTracker */;
			targetProxy = 2926E10626150FE500E95DBB /* PBXContainerItemProxy */;
		};
		2926E11226150FE500E95DBB /* PBXTargetDependency */ = {
			isa = PBXTargetDependency;
			target = 2926E0F326150FE400E95DBB /* BilliardsTracker */;
			targetProxy = 2926E11126150FE500E95DBB /* PBXContainerItemProxy */;
		};
		2926E11C26150FE500E95DBB /* PBXTargetDependency */ = {
			isa = PBXTargetDependency;
			target = 2926E11826150FE500E95DBB /* BilliardsTracker Watch App */;
			targetProxy = 2926E11B26150FE500E95DBB /* PBXContainerItemProxy */;
		};
/* End PBXTargetDependency section */

/* Begin XCBuildConfiguration section */
		2926E13626150FE600E95DBB /* Debug */ = {
			isa = XCBuildConfiguration;
			buildSettings = {
				ALWAYS_SEARCH_USER_PATHS = NO;
				CLANG_ANALYZER_NONNULL = YES;
				CLANG_ANALYZER_NUMBER_OBJECT_CONVERSION = YES_AGGRESSIVE;
				CLANG_CXX_LANGUAGE_STANDARD = "gnu++14";
				CLANG_CXX_LIBRARY = "libc++";
				CLANG_ENABLE_MODULES = YES;
				CLANG_ENABLE_OBJC_ARC = YES;
				CLANG_ENABLE_OBJC_WEAK = YES;
				CLANG_WARN_BLOCK_CAPTURE_AUTORELEASING = YES;
				CLANG_WARN_BOOL_CONVERSION = YES;
				CLANG_WARN_COMMA = YES;
				CLANG_WARN_CONSTANT_CONVERSION = YES;
				CLANG_WARN_DEPRECATED_OBJC_IMPLEMENTATIONS = YES;
				CLANG_WARN_DIRECT_OBJC_ISA_USAGE = YES_ERROR;
				CLANG_WARN_DOCUMENTATION_COMMENTS = YES;
				CLANG_WARN_EMPTY_BODY = YES;
				CLANG_WARN_ENUM_CONVERSION = YES;
				CLANG_WARN_INFINITE_RECURSION = YES;
				CLANG_WARN_INT_CONVERSION = YES;
				CLANG_WARN_NON_LITERAL_NULL_CONVERSION = YES;
				CLANG_WARN_OBJC_IMPLICIT_RETAIN_SELF = YES;
				CLANG_WARN_OBJC_LITERAL_CONVERSION = YES;
				CLANG_WARN_OBJC_ROOT_CLASS = YES_ERROR;
				CLANG_WARN_QUOTED_INCLUDE_IN_FRAMEWORK_HEADER = YES;
				CLANG_WARN_RANGE_LOOP_ANALYSIS = YES;
				CLANG_WARN_STRICT_PROTOTYPES = YES;
				CLANG_WARN_SUSPICIOUS_MOVE = YES;
				CLANG_WARN_UNGUARDED_AVAILABILITY = YES_AGGRESSIVE;
				CLANG_WARN_UNREACHABLE_CODE = YES;
				CLANG_WARN__DUPLICATE_METHOD_MATCH = YES;
				COPY_PHASE_STRIP = NO;
				DEAD_CODE_STRIPPING = YES;
				DEBUG_INFORMATION_FORMAT = dwarf;
				ENABLE_STRICT_OBJC_MSGSEND = YES;
				ENABLE_TESTABILITY = YES;
				GCC_C_LANGUAGE_STANDARD = gnu11;
				GCC_DYNAMIC_NO_PIC = NO;
				GCC_NO_COMMON_BLOCKS = YES;
				GCC_OPTIMIZATION_LEVEL = 0;
				GCC_PREPROCESSOR_DEFINITIONS = (
					"DEBUG=1",
					"$(inherited)",
				);
				GCC_WARN_64_TO_32_BIT_CONVERSION = YES;
				GCC_WARN_ABOUT_RETURN_TYPE = YES_ERROR;
				GCC_WARN_UNDECLARED_SELECTOR = YES;
				GCC_WARN_UNINITIALIZED_AUTOS = YES_AGGRESSIVE;
				GCC_WARN_UNUSED_FUNCTION = YES;
				GCC_WARN_UNUSED_VARIABLE = YES;
				IPHONEOS_DEPLOYMENT_TARGET = 15.0;
				MTL_ENABLE_DEBUG_INFO = INCLUDE_SOURCE;
				MTL_FAST_MATH = YES;
				ONLY_ACTIVE_ARCH = YES;
				SWIFT_ACTIVE_COMPILATION_CONDITIONS = DEBUG;
				SWIFT_OPTIMIZATION_LEVEL = "-Onone";
				WATCHOS_DEPLOYMENT_TARGET = 8.0;
			};
			name = Debug;
		};
		2926E13726150FE600E95DBB /* Release */ = {
			isa = XCBuildConfiguration;
			buildSettings = {
				ALWAYS_SEARCH_USER_PATHS = NO;
				CLANG_ANALYZER_NONNULL = YES;
				CLANG_ANALYZER_NUMBER_OBJECT_CONVERSION = YES_AGGRESSIVE;
				CLANG_CXX_LANGUAGE_STANDARD = "gnu++14";
				CLANG_CXX_LIBRARY = "libc++";
				CLANG_ENABLE_MODULES = YES;
				CLANG_ENABLE_OBJC_ARC = YES;
				CLANG_ENABLE_OBJC_WEAK = YES;
				CLANG_WARN_BLOCK_CAPTURE_AUTORELEASING = YES;
				CLANG_WARN_BOOL_CONVERSION = YES;
				CLANG_WARN_COMMA = YES;
				CLANG_WARN_CONSTANT_CONVERSION = YES;
				CLANG_WARN_DEPRECATED_OBJC_IMPLEMENTATIONS = YES;
				CLANG_WARN_DIRECT_OBJC_ISA_USAGE = YES_ERROR;
				CLANG_WARN_DOCUMENTATION_COMMENTS = YES;
				CLANG_WARN_EMPTY_BODY = YES;
				CLANG_WARN_ENUM_CONVERSION = YES;
				CLANG_WARN_INFINITE_RECURSION = YES;
				CLANG_WARN_INT_CONVERSION = YES;
				CLANG_WARN_NON_LITERAL_NULL_CONVERSION = YES;
				CLANG_WARN_OBJC_IMPLICIT_RETAIN_SELF = YES;
				CLANG_WARN_OBJC_LITERAL_CONVERSION = YES;
				CLANG_WARN_OBJC_ROOT_CLASS = YES_ERROR;
				CLANG_WARN_QUOTED_INCLUDE_IN_FRAMEWORK_HEADER = YES;
				CLANG_WARN_RANGE_LOOP_ANALYSIS = YES;
				CLANG_WARN_STRICT_PROTOTYPES = YES;
				CLANG_WARN_SUSPICIOUS_MOVE = YES;
				CLANG_WARN_UNGUARDED_AVAILABILITY = YES_AGGRESSIVE;
				CLANG_WARN_UNREACHABLE_CODE = YES;
				CLANG_WARN__DUPLICATE_METHOD_MATCH = YES;
				COPY_PHASE_STRIP = NO;
				DEAD_CODE_STRIPPING = YES;
				DEBUG_INFORMATION_FORMAT = "dwarf-with-dsym";
				ENABLE_NS_ASSERTIONS = NO;
				ENABLE_STRICT_OBJC_MSGSEND = YES;
				GCC_C_LANGUAGE_STANDARD = gnu11;
				GCC_NO_COMMON_BLOCKS = YES;
				GCC_WARN_64_TO_32_BIT_CONVERSION = YES;
				GCC_WARN_ABOUT_RETURN_TYPE = YES_ERROR;
				GCC_WARN_UNDECLARED_SELECTOR = YES;
				GCC_WARN_UNINITIALIZED_AUTOS = YES_AGGRESSIVE;
				GCC_WARN_UNUSED_FUNCTION = YES;
				GCC_WARN_UNUSED_VARIABLE = YES;
				IPHONEOS_DEPLOYMENT_TARGET = 15.0;
				MTL_ENABLE_DEBUG_INFO = NO;
				MTL_FAST_MATH = YES;
				SWIFT_COMPILATION_MODE = wholemodule;
				SWIFT_OPTIMIZATION_LEVEL = "-O";
				WATCHOS_DEPLOYMENT_TARGET = 8.0;
			};
			name = Release;
		};
		2926E13D26150FE600E95DBB /* Debug */ = {
			isa = XCBuildConfiguration;
			buildSettings = {
				ALWAYS_EMBED_SWIFT_STANDARD_LIBRARIES = YES;
				ASSETCATALOG_COMPILER_APPICON_NAME = AppIcon;
				ASSETCATALOG_COMPILER_GLOBAL_ACCENT_COLOR_NAME = AccentColor;
				CODE_SIGN_STYLE = Automatic;
				CURRENT_PROJECT_VERSION = 13;
				DEVELOPMENT_TEAM = LZTF7R47SK;
				INFOPLIST_FILE = "BilliardsTracker Watch App/Info.plist";
				LD_RUNPATH_SEARCH_PATHS = (
					"@executable_path/Frameworks",
					"@executable_path/../../Frameworks",
				);
				MARKETING_VERSION = 1.0.2;
				PRODUCT_BUNDLE_IDENTIFIER = com.MariusK.BilliardsTracker.watchkitapp;
				PRODUCT_NAME = "$(TARGET_NAME)";
				SDKROOT = watchos;
				SKIP_INSTALL = YES;
				SWIFT_VERSION = 5.0;
				TARGETED_DEVICE_FAMILY = 4;
				WATCHOS_DEPLOYMENT_TARGET = 8.0;
			};
			name = Debug;
		};
		2926E13E26150FE600E95DBB /* Release */ = {
			isa = XCBuildConfiguration;
			buildSettings = {
				ALWAYS_EMBED_SWIFT_STANDARD_LIBRARIES = YES;
				ASSETCATALOG_COMPILER_APPICON_NAME = AppIcon;
				ASSETCATALOG_COMPILER_GLOBAL_ACCENT_COLOR_NAME = AccentColor;
				CODE_SIGN_STYLE = Automatic;
				CURRENT_PROJECT_VERSION = 13;
				DEVELOPMENT_TEAM = LZTF7R47SK;
				INFOPLIST_FILE = "BilliardsTracker Watch App/Info.plist";
				LD_RUNPATH_SEARCH_PATHS = (
					"@executable_path/Frameworks",
					"@executable_path/../../Frameworks",
				);
				MARKETING_VERSION = 1.0.2;
				PRODUCT_BUNDLE_IDENTIFIER = com.MariusK.BilliardsTracker.watchkitapp;
				PRODUCT_NAME = "$(TARGET_NAME)";
				SDKROOT = watchos;
				SKIP_INSTALL = YES;
				SWIFT_VERSION = 5.0;
				TARGETED_DEVICE_FAMILY = 4;
				VALIDATE_PRODUCT = YES;
				WATCHOS_DEPLOYMENT_TARGET = 8.0;
			};
			name = Release;
		};
		2926E14126150FE600E95DBB /* Debug */ = {
			isa = XCBuildConfiguration;
			buildSettings = {
				ASSETCATALOG_COMPILER_APPICON_NAME = AppIcon;
				ASSETCATALOG_COMPILER_GLOBAL_ACCENT_COLOR_NAME = AccentColor;
				CODE_SIGN_IDENTITY = "Apple Development";
				CODE_SIGN_STYLE = Automatic;
				CURRENT_PROJECT_VERSION = 13;
				DEVELOPMENT_ASSET_PATHS = "\"BilliardsTracker/Preview Content\"";
				DEVELOPMENT_TEAM = LZTF7R47SK;
				ENABLE_PREVIEWS = YES;
				INFOPLIST_FILE = BilliardsTracker/Info.plist;
				IPHONEOS_DEPLOYMENT_TARGET = 15.0;
				LD_RUNPATH_SEARCH_PATHS = (
					"$(inherited)",
					"@executable_path/Frameworks",
				);
				MARKETING_VERSION = 1.0.2;
				PRODUCT_BUNDLE_IDENTIFIER = com.MariusK.BilliardsTracker;
				PRODUCT_NAME = "$(TARGET_NAME)";
				PROVISIONING_PROFILE_SPECIFIER = "";
				SDKROOT = iphoneos;
				SWIFT_VERSION = 5.0;
				TARGETED_DEVICE_FAMILY = 1;
			};
			name = Debug;
		};
		2926E14226150FE600E95DBB /* Release */ = {
			isa = XCBuildConfiguration;
			buildSettings = {
				ASSETCATALOG_COMPILER_APPICON_NAME = AppIcon;
				ASSETCATALOG_COMPILER_GLOBAL_ACCENT_COLOR_NAME = AccentColor;
				CODE_SIGN_IDENTITY = "Apple Development";
				CODE_SIGN_STYLE = Automatic;
				CURRENT_PROJECT_VERSION = 13;
				DEVELOPMENT_ASSET_PATHS = "\"BilliardsTracker/Preview Content\"";
				DEVELOPMENT_TEAM = LZTF7R47SK;
				ENABLE_PREVIEWS = YES;
				INFOPLIST_FILE = BilliardsTracker/Info.plist;
				IPHONEOS_DEPLOYMENT_TARGET = 15.0;
				LD_RUNPATH_SEARCH_PATHS = (
					"$(inherited)",
					"@executable_path/Frameworks",
				);
				MARKETING_VERSION = 1.0.2;
				PRODUCT_BUNDLE_IDENTIFIER = com.MariusK.BilliardsTracker;
				PRODUCT_NAME = "$(TARGET_NAME)";
				PROVISIONING_PROFILE_SPECIFIER = "";
				SDKROOT = iphoneos;
				SWIFT_VERSION = 5.0;
				TARGETED_DEVICE_FAMILY = 1;
				VALIDATE_PRODUCT = YES;
			};
			name = Release;
		};
		2926E14426150FE600E95DBB /* Debug */ = {
			isa = XCBuildConfiguration;
			buildSettings = {
				ALWAYS_EMBED_SWIFT_STANDARD_LIBRARIES = YES;
				BUNDLE_LOADER = "$(TEST_HOST)";
				CLANG_ENABLE_MODULES = YES;
				CODE_SIGN_STYLE = Automatic;
				DEVELOPMENT_TEAM = LZTF7R47SK;
				INFOPLIST_FILE = BilliardsTrackerTests/Info.plist;
				IPHONEOS_DEPLOYMENT_TARGET = 15.0;
				LD_RUNPATH_SEARCH_PATHS = (
					"$(inherited)",
					"@executable_path/Frameworks",
					"@loader_path/Frameworks",
				);
				PRODUCT_BUNDLE_IDENTIFIER = com.MariusK.BilliardsTrackerTests;
				PRODUCT_NAME = "$(TARGET_NAME)";
				SDKROOT = iphoneos;
				SWIFT_OPTIMIZATION_LEVEL = "-Onone";
				SWIFT_VERSION = 5.0;
				TARGETED_DEVICE_FAMILY = "1,2";
				TEST_HOST = "$(BUILT_PRODUCTS_DIR)/BilliardsTracker.app/BilliardsTracker";
			};
			name = Debug;
		};
		2926E14526150FE600E95DBB /* Release */ = {
			isa = XCBuildConfiguration;
			buildSettings = {
				ALWAYS_EMBED_SWIFT_STANDARD_LIBRARIES = YES;
				BUNDLE_LOADER = "$(TEST_HOST)";
				CLANG_ENABLE_MODULES = YES;
				CODE_SIGN_STYLE = Automatic;
				DEVELOPMENT_TEAM = LZTF7R47SK;
				INFOPLIST_FILE = BilliardsTrackerTests/Info.plist;
				IPHONEOS_DEPLOYMENT_TARGET = 15.0;
				LD_RUNPATH_SEARCH_PATHS = (
					"$(inherited)",
					"@executable_path/Frameworks",
					"@loader_path/Frameworks",
				);
				PRODUCT_BUNDLE_IDENTIFIER = com.MariusK.BilliardsTrackerTests;
				PRODUCT_NAME = "$(TARGET_NAME)";
				SDKROOT = iphoneos;
				SWIFT_VERSION = 5.0;
				TARGETED_DEVICE_FAMILY = "1,2";
				TEST_HOST = "$(BUILT_PRODUCTS_DIR)/BilliardsTracker.app/BilliardsTracker";
				VALIDATE_PRODUCT = YES;
			};
			name = Release;
		};
		2926E14726150FE600E95DBB /* Debug */ = {
			isa = XCBuildConfiguration;
			buildSettings = {
				ALWAYS_EMBED_SWIFT_STANDARD_LIBRARIES = YES;
				CODE_SIGN_STYLE = Automatic;
				DEVELOPMENT_TEAM = LZTF7R47SK;
				INFOPLIST_FILE = BilliardsTrackerUITests/Info.plist;
				IPHONEOS_DEPLOYMENT_TARGET = 15.0;
				LD_RUNPATH_SEARCH_PATHS = (
					"$(inherited)",
					"@executable_path/Frameworks",
					"@loader_path/Frameworks",
				);
				PRODUCT_BUNDLE_IDENTIFIER = com.MariusK.BilliardsTrackerUITests;
				PRODUCT_NAME = "$(TARGET_NAME)";
				SDKROOT = iphoneos;
				SWIFT_VERSION = 5.0;
				TARGETED_DEVICE_FAMILY = "1,2";
				TEST_TARGET_NAME = BilliardsTracker;
			};
			name = Debug;
		};
		2926E14826150FE600E95DBB /* Release */ = {
			isa = XCBuildConfiguration;
			buildSettings = {
				ALWAYS_EMBED_SWIFT_STANDARD_LIBRARIES = YES;
				CODE_SIGN_STYLE = Automatic;
				DEVELOPMENT_TEAM = LZTF7R47SK;
				INFOPLIST_FILE = BilliardsTrackerUITests/Info.plist;
				IPHONEOS_DEPLOYMENT_TARGET = 15.0;
				LD_RUNPATH_SEARCH_PATHS = (
					"$(inherited)",
					"@executable_path/Frameworks",
					"@loader_path/Frameworks",
				);
				PRODUCT_BUNDLE_IDENTIFIER = com.MariusK.BilliardsTrackerUITests;
				PRODUCT_NAME = "$(TARGET_NAME)";
				SDKROOT = iphoneos;
				SWIFT_VERSION = 5.0;
				TARGETED_DEVICE_FAMILY = "1,2";
				TEST_TARGET_NAME = BilliardsTracker;
				VALIDATE_PRODUCT = YES;
			};
			name = Release;
		};
/* End XCBuildConfiguration section */

/* Begin XCConfigurationList section */
		2926E0EF26150FE300E95DBB /* Build configuration list for PBXProject "BilliardsTracker" */ = {
			isa = XCConfigurationList;
			buildConfigurations = (
				2926E13626150FE600E95DBB /* Debug */,
				2926E13726150FE600E95DBB /* Release */,
			);
			defaultConfigurationIsVisible = 0;
			defaultConfigurationName = Release;
		};
		2926E13C26150FE600E95DBB /* Build configuration list for PBXNativeTarget "BilliardsTracker Watch App" */ = {
			isa = XCConfigurationList;
			buildConfigurations = (
				2926E13D26150FE600E95DBB /* Debug */,
				2926E13E26150FE600E95DBB /* Release */,
			);
			defaultConfigurationIsVisible = 0;
			defaultConfigurationName = Release;
		};
		2926E14026150FE600E95DBB /* Build configuration list for PBXNativeTarget "BilliardsTracker" */ = {
			isa = XCConfigurationList;
			buildConfigurations = (
				2926E14126150FE600E95DBB /* Debug */,
				2926E14226150FE600E95DBB /* Release */,
			);
			defaultConfigurationIsVisible = 0;
			defaultConfigurationName = Release;
		};
		2926E14326150FE600E95DBB /* Build configuration list for PBXNativeTarget "BilliardsTrackerTests" */ = {
			isa = XCConfigurationList;
			buildConfigurations = (
				2926E14426150FE600E95DBB /* Debug */,
				2926E14526150FE600E95DBB /* Release */,
			);
			defaultConfigurationIsVisible = 0;
			defaultConfigurationName = Release;
		};
		2926E14626150FE600E95DBB /* Build configuration list for PBXNativeTarget "BilliardsTrackerUITests" */ = {
			isa = XCConfigurationList;
			buildConfigurations = (
				2926E14726150FE600E95DBB /* Debug */,
				2926E14826150FE600E95DBB /* Release */,
			);
			defaultConfigurationIsVisible = 0;
			defaultConfigurationName = Release;
		};
/* End XCConfigurationList section */

/* Begin XCRemoteSwiftPackageReference section */
		29A07894297C117400A5012A /* XCRemoteSwiftPackageReference "swift-composable-architecture" */ = {
			isa = XCRemoteSwiftPackageReference;
			repositoryURL = "https://github.com/pointfreeco/swift-composable-architecture";
			requirement = {
				branch = main;
				kind = branch;
			};
		};
/* End XCRemoteSwiftPackageReference section */

/* Begin XCSwiftPackageProductDependency section */
		29A07895297C117400A5012A /* ComposableArchitecture */ = {
			isa = XCSwiftPackageProductDependency;
			package = 29A07894297C117400A5012A /* XCRemoteSwiftPackageReference "swift-composable-architecture" */;
			productName = ComposableArchitecture;
		};
		29DB1460299ADA77004029D1 /* ComposableArchitecture */ = {
			isa = XCSwiftPackageProductDependency;
			package = 29A07894297C117400A5012A /* XCRemoteSwiftPackageReference "swift-composable-architecture" */;
			productName = ComposableArchitecture;
		};
/* End XCSwiftPackageProductDependency section */

/* Begin XCVersionGroup section */
		29A64521261CDCE100C42E41 /* BilliardsTrackerModel.xcdatamodeld */ = {
			isa = XCVersionGroup;
			children = (
				29A64522261CDCE100C42E41 /* BilliardsTrackerModel.xcdatamodel */,
			);
			currentVersion = 29A64522261CDCE100C42E41 /* BilliardsTrackerModel.xcdatamodel */;
			path = BilliardsTrackerModel.xcdatamodeld;
			sourceTree = "<group>";
			versionGroupType = wrapper.xcdatamodel;
		};
/* End XCVersionGroup section */
	};
	rootObject = 2926E0EC26150FE300E95DBB /* Project object */;
}
